github.com/antlabs/httparser v0.0.0-20210126125826-01516b7e18b5 h1:Sveg4rsbPl7NjTWmqR1DtLKkKTXmG9h9deZdA99dxVA=
github.com/antlabs/httparser v0.0.0-20210126125826-01516b7e18b5/go.mod h1:melCMR6jLrI8L5PD7gBXy6MK47GrPAeHREjdb3uTTXU=
github.com/antlabs/httparser v0.0.0-20210127125239-d96d0b6d3fe9 h1:MSyddKa0lAzImYKevTP519p9l0AMUoIIOrL5qLcmit0=
github.com/antlabs/httparser v0.0.0-20210127125239-d96d0b6d3fe9/go.mod h1:melCMR6jLrI8L5PD7gBXy6MK47GrPAeHREjdb3uTTXU=
github.com/davecgh/go-spew v1.1.0/go.mod h1:J7Y8YcW2NihsgmVo/mv3lAwl/skON4iLHjSsI+c5H38=
github.com/pmezard/go-difflib v1.0.0/go.mod h1:iKH77koFhYxTK1pcRnkKkqfTogsbg7gZNVY4sRDYZ/4=
github.com/stretchr/objx v0.1.0/go.mod h1:HFkY916IF+rwdDfMAkV7OtwuqBVzrE8GR6GFx+wExME=
github.com/stretchr/testify v1.6.1/go.mod h1:6Fq8oRcR53rry900zMqJjRRixrwX3KX962/h/Wwjteg=
gopkg.in/check.v1 v0.0.0-20161208181325-20d25e280405/go.mod h1:Co6ibVJAznAaIkqp8huTwlJQCZ016jof/cbN4VW5Yz0=
gopkg.in/go-playground/assert.v1 v1.2.1/go.mod h1:9RXL0bg/zibRAgZUYszZSwO/z8Y/a8bDuhia5mkpMnE=
gopkg.in/yaml.v3 v3.0.0-20200313102051-9f266ea9e77c/go.mod h1:K4uyk7z7BCEPqu6E+C64Yfv1cQ7kz7rIZviUmN+EgEM=
